
Microsoft Visual Studio Solution File, Format Version 12.00
# Visual Studio Version 16
VisualStudioVersion = 16.0.28803.202
MinimumVisualStudioVersion = 10.0.40219.1
Project("{2150E333-8FDC-42A3-9474-1A3956D46DE8}") = "Sample", "Sample", "{69F78551-D6BF-44AE-A300-A3DD4F592031}"
EndProject
Project("{9A19103F-16F7-4668-BE54-9A1E7A4F7556}") = "SampleApp", "Calendar.Plugin.Sample\SampleApp\SampleApp.csproj", "{C269E453-794E-4A6F-AAB0-D13865588FD7}"
EndProject
Project("{FAE04EC0-301F-11D3-BF4B-00C04F79EFBC}") = "SampleApp.Android", "Calendar.Plugin.Sample\SampleApp.Android\SampleApp.Android.csproj", "{9E5FBDC9-1C58-49E3-98F7-3802F6D9D27D}"
EndProject
Project("{FAE04EC0-301F-11D3-BF4B-00C04F79EFBC}") = "SampleApp.iOS", "Calendar.Plugin.Sample\SampleApp.iOS\SampleApp.iOS.csproj", "{CAF19901-87ED-4B87-BCA4-90A36DAFECE8}"
	ProjectSection(ProjectDependencies) = postProject
		{81E938F4-A11C-4726-A13F-0D7ECC84CA66} = {81E938F4-A11C-4726-A13F-0D7ECC84CA66}
	EndProjectSection
EndProject
Project("{9A19103F-16F7-4668-BE54-9A1E7A4F7556}") = "CalendarPlugin", "Calendar.Plugin\CalendarPlugin.csproj", "{81E938F4-A11C-4726-A13F-0D7ECC84CA66}"
EndProject
Project("{2150E333-8FDC-42A3-9474-1A3956D46DE8}") = "Resources", "Resources", "{DF44E284-6692-40A8-A43F-F1C4F4264F4E}"
	ProjectSection(SolutionItems) = preProject
		..\azure-pipelines.yml = ..\azure-pipelines.yml
		..\CONTRIBUTING.md = ..\CONTRIBUTING.md
		..\README.md = ..\README.md
	EndProjectSection
EndProject
Global
	GlobalSection(SolutionConfigurationPlatforms) = preSolution
		Debug|Any CPU = Debug|Any CPU
		Debug|ARM = Debug|ARM
		Debug|iPhone = Debug|iPhone
		Debug|iPhoneSimulator = Debug|iPhoneSimulator
		Debug|Mixed Platforms = Debug|Mixed Platforms
		Release|Any CPU = Release|Any CPU
		Release|ARM = Release|ARM
		Release|iPhone = Release|iPhone
		Release|iPhoneSimulator = Release|iPhoneSimulator
		Release|Mixed Platforms = Release|Mixed Platforms
	EndGlobalSection
	GlobalSection(ProjectConfigurationPlatforms) = postSolution
		{C269E453-794E-4A6F-AAB0-D13865588FD7}.Debug|Any CPU.ActiveCfg = Debug|Any CPU
		{C269E453-794E-4A6F-AAB0-D13865588FD7}.Debug|Any CPU.Build.0 = Debug|Any CPU
		{C269E453-794E-4A6F-AAB0-D13865588FD7}.Debug|ARM.ActiveCfg = Debug|Any CPU
		{C269E453-794E-4A6F-AAB0-D13865588FD7}.Debug|ARM.Build.0 = Debug|Any CPU
		{C269E453-794E-4A6F-AAB0-D13865588FD7}.Debug|iPhone.ActiveCfg = Debug|Any CPU
		{C269E453-794E-4A6F-AAB0-D13865588FD7}.Debug|iPhone.Build.0 = Debug|Any CPU
		{C269E453-794E-4A6F-AAB0-D13865588FD7}.Debug|iPhoneSimulator.ActiveCfg = Debug|Any CPU
		{C269E453-794E-4A6F-AAB0-D13865588FD7}.Debug|iPhoneSimulator.Build.0 = Debug|Any CPU
		{C269E453-794E-4A6F-AAB0-D13865588FD7}.Debug|Mixed Platforms.ActiveCfg = Debug|Any CPU
		{C269E453-794E-4A6F-AAB0-D13865588FD7}.Debug|Mixed Platforms.Build.0 = Debug|Any CPU
		{C269E453-794E-4A6F-AAB0-D13865588FD7}.Release|Any CPU.ActiveCfg = Release|Any CPU
		{C269E453-794E-4A6F-AAB0-D13865588FD7}.Release|Any CPU.Build.0 = Release|Any CPU
		{C269E453-794E-4A6F-AAB0-D13865588FD7}.Release|ARM.ActiveCfg = Release|Any CPU
		{C269E453-794E-4A6F-AAB0-D13865588FD7}.Release|ARM.Build.0 = Release|Any CPU
		{C269E453-794E-4A6F-AAB0-D13865588FD7}.Release|iPhone.ActiveCfg = Release|Any CPU
		{C269E453-794E-4A6F-AAB0-D13865588FD7}.Release|iPhone.Build.0 = Release|Any CPU
		{C269E453-794E-4A6F-AAB0-D13865588FD7}.Release|iPhoneSimulator.ActiveCfg = Release|Any CPU
		{C269E453-794E-4A6F-AAB0-D13865588FD7}.Release|iPhoneSimulator.Build.0 = Release|Any CPU
		{C269E453-794E-4A6F-AAB0-D13865588FD7}.Release|Mixed Platforms.ActiveCfg = Release|Any CPU
		{C269E453-794E-4A6F-AAB0-D13865588FD7}.Release|Mixed Platforms.Build.0 = Release|Any CPU
		{9E5FBDC9-1C58-49E3-98F7-3802F6D9D27D}.Debug|Any CPU.ActiveCfg = Debug|Any CPU
		{9E5FBDC9-1C58-49E3-98F7-3802F6D9D27D}.Debug|Any CPU.Build.0 = Debug|Any CPU
		{9E5FBDC9-1C58-49E3-98F7-3802F6D9D27D}.Debug|Any CPU.Deploy.0 = Debug|Any CPU
		{9E5FBDC9-1C58-49E3-98F7-3802F6D9D27D}.Debug|ARM.ActiveCfg = Debug|Any CPU
		{9E5FBDC9-1C58-49E3-98F7-3802F6D9D27D}.Debug|ARM.Build.0 = Debug|Any CPU
		{9E5FBDC9-1C58-49E3-98F7-3802F6D9D27D}.Debug|ARM.Deploy.0 = Debug|Any CPU
		{9E5FBDC9-1C58-49E3-98F7-3802F6D9D27D}.Debug|iPhone.ActiveCfg = Debug|Any CPU
		{9E5FBDC9-1C58-49E3-98F7-3802F6D9D27D}.Debug|iPhone.Build.0 = Debug|Any CPU
		{9E5FBDC9-1C58-49E3-98F7-3802F6D9D27D}.Debug|iPhone.Deploy.0 = Debug|Any CPU
		{9E5FBDC9-1C58-49E3-98F7-3802F6D9D27D}.Debug|iPhoneSimulator.ActiveCfg = Debug|Any CPU
		{9E5FBDC9-1C58-49E3-98F7-3802F6D9D27D}.Debug|iPhoneSimulator.Build.0 = Debug|Any CPU
		{9E5FBDC9-1C58-49E3-98F7-3802F6D9D27D}.Debug|iPhoneSimulator.Deploy.0 = Debug|Any CPU
		{9E5FBDC9-1C58-49E3-98F7-3802F6D9D27D}.Debug|Mixed Platforms.ActiveCfg = Debug|Any CPU
		{9E5FBDC9-1C58-49E3-98F7-3802F6D9D27D}.Debug|Mixed Platforms.Build.0 = Debug|Any CPU
		{9E5FBDC9-1C58-49E3-98F7-3802F6D9D27D}.Debug|Mixed Platforms.Deploy.0 = Debug|Any CPU
		{9E5FBDC9-1C58-49E3-98F7-3802F6D9D27D}.Release|Any CPU.ActiveCfg = Release|Any CPU
		{9E5FBDC9-1C58-49E3-98F7-3802F6D9D27D}.Release|Any CPU.Build.0 = Release|Any CPU
		{9E5FBDC9-1C58-49E3-98F7-3802F6D9D27D}.Release|Any CPU.Deploy.0 = Release|Any CPU
		{9E5FBDC9-1C58-49E3-98F7-3802F6D9D27D}.Release|ARM.ActiveCfg = Release|Any CPU
		{9E5FBDC9-1C58-49E3-98F7-3802F6D9D27D}.Release|ARM.Build.0 = Release|Any CPU
		{9E5FBDC9-1C58-49E3-98F7-3802F6D9D27D}.Release|ARM.Deploy.0 = Release|Any CPU
		{9E5FBDC9-1C58-49E3-98F7-3802F6D9D27D}.Release|iPhone.ActiveCfg = Release|Any CPU
		{9E5FBDC9-1C58-49E3-98F7-3802F6D9D27D}.Release|iPhone.Build.0 = Release|Any CPU
		{9E5FBDC9-1C58-49E3-98F7-3802F6D9D27D}.Release|iPhone.Deploy.0 = Release|Any CPU
		{9E5FBDC9-1C58-49E3-98F7-3802F6D9D27D}.Release|iPhoneSimulator.ActiveCfg = Release|Any CPU
		{9E5FBDC9-1C58-49E3-98F7-3802F6D9D27D}.Release|iPhoneSimulator.Build.0 = Release|Any CPU
		{9E5FBDC9-1C58-49E3-98F7-3802F6D9D27D}.Release|iPhoneSimulator.Deploy.0 = Release|Any CPU
		{9E5FBDC9-1C58-49E3-98F7-3802F6D9D27D}.Release|Mixed Platforms.ActiveCfg = Release|Any CPU
		{9E5FBDC9-1C58-49E3-98F7-3802F6D9D27D}.Release|Mixed Platforms.Build.0 = Release|Any CPU
		{9E5FBDC9-1C58-49E3-98F7-3802F6D9D27D}.Release|Mixed Platforms.Deploy.0 = Release|Any CPU
		{CAF19901-87ED-4B87-BCA4-90A36DAFECE8}.Debug|Any CPU.ActiveCfg = Debug|iPhone
		{CAF19901-87ED-4B87-BCA4-90A36DAFECE8}.Debug|ARM.ActiveCfg = Debug|iPhoneSimulator
		{CAF19901-87ED-4B87-BCA4-90A36DAFECE8}.Debug|iPhone.ActiveCfg = Debug|iPhone
		{CAF19901-87ED-4B87-BCA4-90A36DAFECE8}.Debug|iPhone.Build.0 = Debug|iPhone
		{CAF19901-87ED-4B87-BCA4-90A36DAFECE8}.Debug|iPhoneSimulator.ActiveCfg = Debug|iPhoneSimulator
		{CAF19901-87ED-4B87-BCA4-90A36DAFECE8}.Debug|iPhoneSimulator.Build.0 = Debug|iPhoneSimulator
		{CAF19901-87ED-4B87-BCA4-90A36DAFECE8}.Debug|Mixed Platforms.ActiveCfg = Debug|iPhoneSimulator
		{CAF19901-87ED-4B87-BCA4-90A36DAFECE8}.Debug|Mixed Platforms.Build.0 = Debug|iPhoneSimulator
		{CAF19901-87ED-4B87-BCA4-90A36DAFECE8}.Release|Any CPU.ActiveCfg = Release|iPhone
		{CAF19901-87ED-4B87-BCA4-90A36DAFECE8}.Release|ARM.ActiveCfg = Release|iPhoneSimulator
		{CAF19901-87ED-4B87-BCA4-90A36DAFECE8}.Release|iPhone.ActiveCfg = Release|iPhone
		{CAF19901-87ED-4B87-BCA4-90A36DAFECE8}.Release|iPhone.Build.0 = Release|iPhone
		{CAF19901-87ED-4B87-BCA4-90A36DAFECE8}.Release|iPhoneSimulator.ActiveCfg = Release|iPhoneSimulator
		{CAF19901-87ED-4B87-BCA4-90A36DAFECE8}.Release|iPhoneSimulator.Build.0 = Release|iPhoneSimulator
		{CAF19901-87ED-4B87-BCA4-90A36DAFECE8}.Release|Mixed Platforms.ActiveCfg = Release|iPhoneSimulator
		{CAF19901-87ED-4B87-BCA4-90A36DAFECE8}.Release|Mixed Platforms.Build.0 = Release|iPhoneSimulator
		{81E938F4-A11C-4726-A13F-0D7ECC84CA66}.Debug|Any CPU.ActiveCfg = Debug|Any CPU
		{81E938F4-A11C-4726-A13F-0D7ECC84CA66}.Debug|Any CPU.Build.0 = Debug|Any CPU
		{81E938F4-A11C-4726-A13F-0D7ECC84CA66}.Debug|ARM.ActiveCfg = Debug|Any CPU
		{81E938F4-A11C-4726-A13F-0D7ECC84CA66}.Debug|ARM.Build.0 = Debug|Any CPU
		{81E938F4-A11C-4726-A13F-0D7ECC84CA66}.Debug|iPhone.ActiveCfg = Debug|Any CPU
		{81E938F4-A11C-4726-A13F-0D7ECC84CA66}.Debug|iPhone.Build.0 = Debug|Any CPU
		{81E938F4-A11C-4726-A13F-0D7ECC84CA66}.Debug|iPhoneSimulator.ActiveCfg = Debug|Any CPU
		{81E938F4-A11C-4726-A13F-0D7ECC84CA66}.Debug|iPhoneSimulator.Build.0 = Debug|Any CPU
		{81E938F4-A11C-4726-A13F-0D7ECC84CA66}.Debug|Mixed Platforms.ActiveCfg = Debug|Any CPU
		{81E938F4-A11C-4726-A13F-0D7ECC84CA66}.Debug|Mixed Platforms.Build.0 = Debug|Any CPU
		{81E938F4-A11C-4726-A13F-0D7ECC84CA66}.Release|Any CPU.ActiveCfg = Release|Any CPU
		{81E938F4-A11C-4726-A13F-0D7ECC84CA66}.Release|Any CPU.Build.0 = Release|Any CPU
		{81E938F4-A11C-4726-A13F-0D7ECC84CA66}.Release|ARM.ActiveCfg = Release|Any CPU
		{81E938F4-A11C-4726-A13F-0D7ECC84CA66}.Release|ARM.Build.0 = Release|Any CPU
		{81E938F4-A11C-4726-A13F-0D7ECC84CA66}.Release|iPhone.ActiveCfg = Release|Any CPU
		{81E938F4-A11C-4726-A13F-0D7ECC84CA66}.Release|iPhone.Build.0 = Release|Any CPU
		{81E938F4-A11C-4726-A13F-0D7ECC84CA66}.Release|iPhoneSimulator.ActiveCfg = Release|Any CPU
		{81E938F4-A11C-4726-A13F-0D7ECC84CA66}.Release|iPhoneSimulator.Build.0 = Release|Any CPU
		{81E938F4-A11C-4726-A13F-0D7ECC84CA66}.Release|Mixed Platforms.ActiveCfg = Release|Any CPU
		{81E938F4-A11C-4726-A13F-0D7ECC84CA66}.Release|Mixed Platforms.Build.0 = Release|Any CPU
	EndGlobalSection
	GlobalSection(SolutionProperties) = preSolution
		HideSolutionNode = FALSE
	EndGlobalSection
	GlobalSection(NestedProjects) = preSolution
		{C269E453-794E-4A6F-AAB0-D13865588FD7} = {69F78551-D6BF-44AE-A300-A3DD4F592031}
		{9E5FBDC9-1C58-49E3-98F7-3802F6D9D27D} = {69F78551-D6BF-44AE-A300-A3DD4F592031}
		{CAF19901-87ED-4B87-BCA4-90A36DAFECE8} = {69F78551-D6BF-44AE-A300-A3DD4F592031}
	EndGlobalSection
	GlobalSection(ExtensibilityGlobals) = postSolution
		SolutionGuid = {FB99AAE2-36DC-4D02-8328-2AAFB5AB492A}
	EndGlobalSection
EndGlobal
